
Microsoft Visual Studio Solution File, Format Version 12.00
# Visual Studio Version 16
VisualStudioVersion = 16.0.32228.343
MinimumVisualStudioVersion = 10.0.40219.1
Project("{FAE04EC0-301F-11D3-BF4B-00C04F79EFBC}") = "CapaDato", "CapaDato\CapaDato.csproj", "{38F067A1-16C6-4E42-AA89-13958717160D}"
EndProject
Project("{FAE04EC0-301F-11D3-BF4B-00C04F79EFBC}") = "CapaEntidad", "CapaEntidad\CapaEntidad.csproj", "{110CBD74-DC9F-47B3-9501-C6D922A4B8BA}"
EndProject
Project("{FAE04EC0-301F-11D3-BF4B-00C04F79EFBC}") = "CapaNegocios", "CapaNegocios\CapaNegocios.csproj", "{26EC43ED-817A-4EE8-B204-6F976AE46F41}"
EndProject
Project("{FAE04EC0-301F-11D3-BF4B-00C04F79EFBC}") = "CapaServicios", "CapaServicios\CapaServicios.csproj", "{D4283A7D-8E91-4987-B97D-74A9AE095A12}"
EndProject
Project("{FAE04EC0-301F-11D3-BF4B-00C04F79EFBC}") = "ClienteWebs", "ClienteWebs\ClienteWebs.csproj", "{3578157F-7DC6-46F1-88F2-8767264A5827}"
	ProjectSection(ProjectDependencies) = postProject
		{D4283A7D-8E91-4987-B97D-74A9AE095A12} = {D4283A7D-8E91-4987-B97D-74A9AE095A12}
	EndProjectSection
EndProject
Global
	GlobalSection(SolutionConfigurationPlatforms) = preSolution
		Debug|Any CPU = Debug|Any CPU
		Release|Any CPU = Release|Any CPU
	EndGlobalSection
	GlobalSection(ProjectConfigurationPlatforms) = postSolution
		{38F067A1-16C6-4E42-AA89-13958717160D}.Debug|Any CPU.ActiveCfg = Debug|Any CPU
		{38F067A1-16C6-4E42-AA89-13958717160D}.Debug|Any CPU.Build.0 = Debug|Any CPU
		{38F067A1-16C6-4E42-AA89-13958717160D}.Release|Any CPU.ActiveCfg = Release|Any CPU
		{38F067A1-16C6-4E42-AA89-13958717160D}.Release|Any CPU.Build.0 = Release|Any CPU
		{110CBD74-DC9F-47B3-9501-C6D922A4B8BA}.Debug|Any CPU.ActiveCfg = Debug|Any CPU
		{110CBD74-DC9F-47B3-9501-C6D922A4B8BA}.Debug|Any CPU.Build.0 = Debug|Any CPU
		{110CBD74-DC9F-47B3-9501-C6D922A4B8BA}.Release|Any CPU.ActiveCfg = Release|Any CPU
		{110CBD74-DC9F-47B3-9501-C6D922A4B8BA}.Release|Any CPU.Build.0 = Release|Any CPU
		{26EC43ED-817A-4EE8-B204-6F976AE46F41}.Debug|Any CPU.ActiveCfg = Debug|Any CPU
		{26EC43ED-817A-4EE8-B204-6F976AE46F41}.Debug|Any CPU.Build.0 = Debug|Any CPU
		{26EC43ED-817A-4EE8-B204-6F976AE46F41}.Release|Any CPU.ActiveCfg = Release|Any CPU
		{26EC43ED-817A-4EE8-B204-6F976AE46F41}.Release|Any CPU.Build.0 = Release|Any CPU
		{D4283A7D-8E91-4987-B97D-74A9AE095A12}.Debug|Any CPU.ActiveCfg = Debug|Any CPU
		{D4283A7D-8E91-4987-B97D-74A9AE095A12}.Debug|Any CPU.Build.0 = Debug|Any CPU
		{D4283A7D-8E91-4987-B97D-74A9AE095A12}.Release|Any CPU.ActiveCfg = Release|Any CPU
		{D4283A7D-8E91-4987-B97D-74A9AE095A12}.Release|Any CPU.Build.0 = Release|Any CPU
		{3578157F-7DC6-46F1-88F2-8767264A5827}.Debug|Any CPU.ActiveCfg = Debug|Any CPU
		{3578157F-7DC6-46F1-88F2-8767264A5827}.Debug|Any CPU.Build.0 = Debug|Any CPU
		{3578157F-7DC6-46F1-88F2-8767264A5827}.Release|Any CPU.ActiveCfg = Release|Any CPU
		{3578157F-7DC6-46F1-88F2-8767264A5827}.Release|Any CPU.Build.0 = Release|Any CPU
	EndGlobalSection
	GlobalSection(SolutionProperties) = preSolution
		HideSolutionNode = FALSE
	EndGlobalSection
	GlobalSection(ExtensibilityGlobals) = postSolution
		SolutionGuid = {404C7978-4491-4BA4-A9F4-7E5D5C1659F5}
	EndGlobalSection
EndGlobal
